{
	"name": "glinka",
	"version": "0.0.1",
	"lockfileVersion": 2,
	"requires": true,
	"packages": {
		"": {
			"name": "glinka",
			"version": "0.0.1",
			"hasInstallScript": true,
			"license": "AGPL-3.0-or-later",
			"devDependencies": {
				"typescript.api": "^0.7.7"
			}
		},
		"node_modules/typescript": {
			"version": "0.9.1-1",
			"resolved": "https://registry.npmjs.org/typescript/-/typescript-0.9.1-1.tgz",
			"integrity": "sha1-7lbmR3f20sJeNps384Qpkfj3R0Y=",
			"dev": true,
			"bin": {
				"tsc": "bin/tsc"
			},
			"engines": {
				"node": ">=0.8.0"
			}
		},
		"node_modules/typescript.api": {
			"version": "0.7.7",
			"resolved": "https://registry.npmjs.org/typescript.api/-/typescript.api-0.7.7.tgz",
			"integrity": "sha1-s2HFjOQ4jmcxEic9J0b/dxJFw+E=",
			"dev": true,
			"dependencies": {
				"typescript": "0.9.1-1"
			}
		}
	},
	"dependencies": {
		"typescript": {
			"version": "0.9.1-1",
			"resolved": "https://registry.npmjs.org/typescript/-/typescript-0.9.1-1.tgz",
			"integrity": "sha1-7lbmR3f20sJeNps384Qpkfj3R0Y=",
			"dev": true
		},
		"typescript.api": {
			"version": "0.7.7",
			"resolved": "https://registry.npmjs.org/typescript.api/-/typescript.api-0.7.7.tgz",
			"integrity": "sha1-s2HFjOQ4jmcxEic9J0b/dxJFw+E=",
			"dev": true,
			"requires": {
				"typescript": "0.9.1-1"
			}
		}
	}
}
